Microsoft Visual Studio Solution File, Format Version 12.00
# Visual Studio Version 18
VisualStudioVersion = 18.0.11109.219
MinimumVisualStudioVersion = 10.0.40219.1
Project("{FAE04EC0-301F-11D3-BF4B-00C04F79EFBC}") = "Relay", "src\Relay\Relay.csproj", "{A0B1C2D3-E4F5-6789-ABCD-EF0123456789}"
EndProject
Project("{FAE04EC0-301F-11D3-BF4B-00C04F79EFBC}") = "Relay.Core", "src\Relay.Core\Relay.Core.csproj", "{A1B2C3D4-E5F6-7890-ABCD-EF1234567890}"
EndProject
Project("{FAE04EC0-301F-11D3-BF4B-00C04F79EFBC}") = "Relay.Core.Validation", "src\Relay.Core.Validation\Relay.Core.Validation.csproj", "{CC50E61D-6581-4CBF-B718-3DC9440AC766}"
EndProject
Project("{FAE04EC0-301F-11D3-BF4B-00C04F79EFBC}") = "Relay.SourceGenerator", "src\Relay.SourceGenerator\Relay.SourceGenerator.csproj", "{0DB2FCCF-8897-D95D-492D-BED99E6ECD61}"
EndProject
Project("{FAE04EC0-301F-11D3-BF4B-00C04F79EFBC}") = "Relay.Core.Tests", "tests\Relay.Core.Tests\Relay.Core.Tests.csproj", "{F507CDC7-77CC-03A5-DD36-ED8EA4749AA9}"
EndProject
Project("{FAE04EC0-301F-11D3-BF4B-00C04F79EFBC}") = "Relay.Core.Validation.Tests", "tests\Relay.Core.Validation.Tests\Relay.Core.Validation.Tests.csproj", "{2483D9FB-BCC9-4E24-988D-37F312F6604C}"
EndProject
Project("{FAE04EC0-301F-11D3-BF4B-00C04F79EFBC}") = "Relay.SourceGenerator.Tests", "tests\Relay.SourceGenerator.Tests\Relay.SourceGenerator.Tests.csproj", "{F985BDD9-E8B5-0033-7EC6-CC1CEDF73B53}"
EndProject
Project("{FAE04EC0-301F-11D3-BF4B-00C04F79EFBC}") = "Relay.Packaging.Tests", "tests\Relay.Packaging.Tests\Relay.Packaging.Tests.csproj", "{51FDD58C-5317-0F89-E7BC-8FA92FCCEE83}"
EndProject
Project("{2150E333-8FDC-42A3-9474-1A3956D46DE8}") = "src", "src", "{827E0CD3-B72D-47B6-A68D-7590B98EB39B}"
EndProject
Project("{2150E333-8FDC-42A3-9474-1A3956D46DE8}") = "tests", "tests", "{0AB3BF05-4346-4AA6-1389-037BE0695223}"
EndProject
Project("{FAE04EC0-301F-11D3-BF4B-00C04F79EFBC}") = "Relay.MessageBroker", "src\Relay.MessageBroker\Relay.MessageBroker.csproj", "{DC1428C9-3343-4182-808D-936043FCA343}"
EndProject
Project("{FAE04EC0-301F-11D3-BF4B-00C04F79EFBC}") = "Relay.MessageBroker.Tests", "tests\Relay.MessageBroker.Tests\Relay.MessageBroker.Tests.csproj", "{738E1C1F-48BA-4A69-AC71-AEBD00B11E90}"
EndProject
Project("{2150E333-8FDC-42A3-9474-1A3956D46DE8}") = "tools", "tools", "{07C2787E-EAC7-C090-1BA3-A61EC2A24D84}"
EndProject
Project("{FAE04EC0-301F-11D3-BF4B-00C04F79EFBC}") = "Relay.CLI", "tools\Relay.CLI\Relay.CLI.csproj", "{3D7BC5F4-96BB-4FC9-9446-816FE93A65FD}"
EndProject
Project("{FAE04EC0-301F-11D3-BF4B-00C04F79EFBC}") = "Relay.CLI.Tests", "tools\Relay.CLI.Tests\Relay.CLI.Tests.csproj", "{C5282263-1C5C-4248-B014-BC26E8723532}"
EndProject
Project("{2150E333-8FDC-42A3-9474-1A3956D46DE8}") = "samples", "samples", "{1A6CD0E7-E21C-40BC-8551-7A9F01A8ADDE}"
EndProject
Project("{FAE04EC0-301F-11D3-BF4B-00C04F79EFBC}") = "Relay.MinimalApiSample", "samples\Relay.MinimalApiSample\Relay.MinimalApiSample.csproj", "{40DF54A6-E64B-AAC1-FE73-BA3D7BE739BC}"
EndProject
Project("{FAE04EC0-301F-11D3-BF4B-00C04F79EFBC}") = "Relay.ControllerApiSample", "samples\Relay.ControllerApiSample\Relay.ControllerApiSample.csproj", "{B32E9CDF-91E0-9A2C-4A06-6155878FDB71}"
EndProject
Global
	GlobalSection(SolutionConfigurationPlatforms) = preSolution
		Debug|Any CPU = Debug|Any CPU
		Debug|x64 = Debug|x64
		Debug|x86 = Debug|x86
		Release|Any CPU = Release|Any CPU
		Release|x64 = Release|x64
		Release|x86 = Release|x86
	EndGlobalSection
	GlobalSection(ProjectConfigurationPlatforms) = postSolution
		{A0B1C2D3-E4F5-6789-ABCD-EF0123456789}.Debug|Any CPU.ActiveCfg = Debug|Any CPU
		{A0B1C2D3-E4F5-6789-ABCD-EF0123456789}.Debug|Any CPU.Build.0 = Debug|Any CPU
		{A0B1C2D3-E4F5-6789-ABCD-EF0123456789}.Debug|x64.ActiveCfg = Debug|Any CPU
		{A0B1C2D3-E4F5-6789-ABCD-EF0123456789}.Debug|x64.Build.0 = Debug|Any CPU
		{A0B1C2D3-E4F5-6789-ABCD-EF0123456789}.Debug|x86.ActiveCfg = Debug|Any CPU
		{A0B1C2D3-E4F5-6789-ABCD-EF0123456789}.Debug|x86.Build.0 = Debug|Any CPU
		{A0B1C2D3-E4F5-6789-ABCD-EF0123456789}.Release|Any CPU.ActiveCfg = Release|Any CPU
		{A0B1C2D3-E4F5-6789-ABCD-EF0123456789}.Release|Any CPU.Build.0 = Release|Any CPU
		{A0B1C2D3-E4F5-6789-ABCD-EF0123456789}.Release|x64.ActiveCfg = Release|Any CPU
		{A0B1C2D3-E4F5-6789-ABCD-EF0123456789}.Release|x64.Build.0 = Release|Any CPU
		{A0B1C2D3-E4F5-6789-ABCD-EF0123456789}.Release|x86.ActiveCfg = Release|Any CPU
		{A0B1C2D3-E4F5-6789-ABCD-EF0123456789}.Release|x86.Build.0 = Release|Any CPU
		{A1B2C3D4-E5F6-7890-ABCD-EF1234567890}.Debug|Any CPU.ActiveCfg = Debug|Any CPU
		{A1B2C3D4-E5F6-7890-ABCD-EF1234567890}.Debug|Any CPU.Build.0 = Debug|Any CPU
		{A1B2C3D4-E5F6-7890-ABCD-EF1234567890}.Debug|x64.ActiveCfg = Debug|Any CPU
		{A1B2C3D4-E5F6-7890-ABCD-EF1234567890}.Debug|x64.Build.0 = Debug|Any CPU
		{A1B2C3D4-E5F6-7890-ABCD-EF1234567890}.Debug|x86.ActiveCfg = Debug|Any CPU
		{A1B2C3D4-E5F6-7890-ABCD-EF1234567890}.Debug|x86.Build.0 = Debug|Any CPU
		{A1B2C3D4-E5F6-7890-ABCD-EF1234567890}.Release|Any CPU.ActiveCfg = Release|Any CPU
		{A1B2C3D4-E5F6-7890-ABCD-EF1234567890}.Release|Any CPU.Build.0 = Release|Any CPU
		{A1B2C3D4-E5F6-7890-ABCD-EF1234567890}.Release|x64.ActiveCfg = Release|Any CPU
		{A1B2C3D4-E5F6-7890-ABCD-EF1234567890}.Release|x64.Build.0 = Release|Any CPU
		{A1B2C3D4-E5F6-7890-ABCD-EF1234567890}.Release|x86.ActiveCfg = Release|Any CPU
		{A1B2C3D4-E5F6-7890-ABCD-EF1234567890}.Release|x86.Build.0 = Release|Any CPU
		{CC50E61D-6581-4CBF-B718-3DC9440AC766}.Debug|Any CPU.ActiveCfg = Debug|Any CPU
		{CC50E61D-6581-4CBF-B718-3DC9440AC766}.Debug|Any CPU.Build.0 = Debug|Any CPU
		{CC50E61D-6581-4CBF-B718-3DC9440AC766}.Debug|x64.ActiveCfg = Debug|Any CPU
		{CC50E61D-6581-4CBF-B718-3DC9440AC766}.Debug|x64.Build.0 = Debug|Any CPU
		{CC50E61D-6581-4CBF-B718-3DC9440AC766}.Debug|x86.ActiveCfg = Debug|Any CPU
		{CC50E61D-6581-4CBF-B718-3DC9440AC766}.Debug|x86.Build.0 = Debug|Any CPU
		{CC50E61D-6581-4CBF-B718-3DC9440AC766}.Release|Any CPU.ActiveCfg = Release|Any CPU
		{CC50E61D-6581-4CBF-B718-3DC9440AC766}.Release|Any CPU.Build.0 = Release|Any CPU
		{CC50E61D-6581-4CBF-B718-3DC9440AC766}.Release|x64.ActiveCfg = Release|Any CPU
		{CC50E61D-6581-4CBF-B718-3DC9440AC766}.Release|x64.Build.0 = Release|Any CPU
		{CC50E61D-6581-4CBF-B718-3DC9440AC766}.Release|x86.ActiveCfg = Release|Any CPU
		{CC50E61D-6581-4CBF-B718-3DC9440AC766}.Release|x86.Build.0 = Release|Any CPU
		{0DB2FCCF-8897-D95D-492D-BED99E6ECD61}.Debug|Any CPU.ActiveCfg = Debug|Any CPU
		{0DB2FCCF-8897-D95D-492D-BED99E6ECD61}.Debug|Any CPU.Build.0 = Debug|Any CPU
		{0DB2FCCF-8897-D95D-492D-BED99E6ECD61}.Debug|x64.ActiveCfg = Debug|Any CPU
		{0DB2FCCF-8897-D95D-492D-BED99E6ECD61}.Debug|x64.Build.0 = Debug|Any CPU
		{0DB2FCCF-8897-D95D-492D-BED99E6ECD61}.Debug|x86.ActiveCfg = Debug|Any CPU
		{0DB2FCCF-8897-D95D-492D-BED99E6ECD61}.Debug|x86.Build.0 = Debug|Any CPU
		{0DB2FCCF-8897-D95D-492D-BED99E6ECD61}.Release|Any CPU.ActiveCfg = Release|Any CPU
		{0DB2FCCF-8897-D95D-492D-BED99E6ECD61}.Release|Any CPU.Build.0 = Release|Any CPU
		{0DB2FCCF-8897-D95D-492D-BED99E6ECD61}.Release|x64.ActiveCfg = Release|Any CPU
		{0DB2FCCF-8897-D95D-492D-BED99E6ECD61}.Release|x64.Build.0 = Release|Any CPU
		{0DB2FCCF-8897-D95D-492D-BED99E6ECD61}.Release|x86.ActiveCfg = Release|Any CPU
		{0DB2FCCF-8897-D95D-492D-BED99E6ECD61}.Release|x86.Build.0 = Release|Any CPU
		{F507CDC7-77CC-03A5-DD36-ED8EA4749AA9}.Debug|Any CPU.ActiveCfg = Debug|Any CPU
		{F507CDC7-77CC-03A5-DD36-ED8EA4749AA9}.Debug|Any CPU.Build.0 = Debug|Any CPU
		{F507CDC7-77CC-03A5-DD36-ED8EA4749AA9}.Debug|x64.ActiveCfg = Debug|Any CPU
		{F507CDC7-77CC-03A5-DD36-ED8EA4749AA9}.Debug|x64.Build.0 = Debug|Any CPU
		{F507CDC7-77CC-03A5-DD36-ED8EA4749AA9}.Debug|x86.ActiveCfg = Debug|Any CPU
		{F507CDC7-77CC-03A5-DD36-ED8EA4749AA9}.Debug|x86.Build.0 = Debug|Any CPU
		{F507CDC7-77CC-03A5-DD36-ED8EA4749AA9}.Release|Any CPU.ActiveCfg = Release|Any CPU
		{F507CDC7-77CC-03A5-DD36-ED8EA4749AA9}.Release|Any CPU.Build.0 = Release|Any CPU
		{F507CDC7-77CC-03A5-DD36-ED8EA4749AA9}.Release|x64.ActiveCfg = Release|Any CPU
		{F507CDC7-77CC-03A5-DD36-ED8EA4749AA9}.Release|x64.Build.0 = Release|Any CPU
		{F507CDC7-77CC-03A5-DD36-ED8EA4749AA9}.Release|x86.ActiveCfg = Release|Any CPU
		{F507CDC7-77CC-03A5-DD36-ED8EA4749AA9}.Release|x86.Build.0 = Release|Any CPU
		{2483D9FB-BCC9-4E24-988D-37F312F6604C}.Debug|Any CPU.ActiveCfg = Debug|Any CPU
		{2483D9FB-BCC9-4E24-988D-37F312F6604C}.Debug|Any CPU.Build.0 = Debug|Any CPU
		{2483D9FB-BCC9-4E24-988D-37F312F6604C}.Debug|x64.ActiveCfg = Debug|Any CPU
		{2483D9FB-BCC9-4E24-988D-37F312F6604C}.Debug|x64.Build.0 = Debug|Any CPU
		{2483D9FB-BCC9-4E24-988D-37F312F6604C}.Debug|x86.ActiveCfg = Debug|Any CPU
		{2483D9FB-BCC9-4E24-988D-37F312F6604C}.Debug|x86.Build.0 = Debug|Any CPU
		{2483D9FB-BCC9-4E24-988D-37F312F6604C}.Release|Any CPU.ActiveCfg = Release|Any CPU
		{2483D9FB-BCC9-4E24-988D-37F312F6604C}.Release|Any CPU.Build.0 = Release|Any CPU
		{2483D9FB-BCC9-4E24-988D-37F312F6604C}.Release|x64.ActiveCfg = Release|Any CPU
		{2483D9FB-BCC9-4E24-988D-37F312F6604C}.Release|x64.Build.0 = Release|Any CPU
		{2483D9FB-BCC9-4E24-988D-37F312F6604C}.Release|x86.ActiveCfg = Release|Any CPU
		{2483D9FB-BCC9-4E24-988D-37F312F6604C}.Release|x86.Build.0 = Release|Any CPU
		{F985BDD9-E8B5-0033-7EC6-CC1CEDF73B53}.Debug|Any CPU.ActiveCfg = Debug|Any CPU
		{F985BDD9-E8B5-0033-7EC6-CC1CEDF73B53}.Debug|Any CPU.Build.0 = Debug|Any CPU
		{F985BDD9-E8B5-0033-7EC6-CC1CEDF73B53}.Debug|x64.ActiveCfg = Debug|Any CPU
		{F985BDD9-E8B5-0033-7EC6-CC1CEDF73B53}.Debug|x64.Build.0 = Debug|Any CPU
		{F985BDD9-E8B5-0033-7EC6-CC1CEDF73B53}.Debug|x86.ActiveCfg = Debug|Any CPU
		{F985BDD9-E8B5-0033-7EC6-CC1CEDF73B53}.Debug|x86.Build.0 = Debug|Any CPU
		{F985BDD9-E8B5-0033-7EC6-CC1CEDF73B53}.Release|Any CPU.ActiveCfg = Release|Any CPU
		{F985BDD9-E8B5-0033-7EC6-CC1CEDF73B53}.Release|Any CPU.Build.0 = Release|Any CPU
		{F985BDD9-E8B5-0033-7EC6-CC1CEDF73B53}.Release|x64.ActiveCfg = Release|Any CPU
		{F985BDD9-E8B5-0033-7EC6-CC1CEDF73B53}.Release|x64.Build.0 = Release|Any CPU
		{F985BDD9-E8B5-0033-7EC6-CC1CEDF73B53}.Release|x86.ActiveCfg = Release|Any CPU
		{F985BDD9-E8B5-0033-7EC6-CC1CEDF73B53}.Release|x86.Build.0 = Release|Any CPU
		{51FDD58C-5317-0F89-E7BC-8FA92FCCEE83}.Debug|Any CPU.ActiveCfg = Debug|Any CPU
		{51FDD58C-5317-0F89-E7BC-8FA92FCCEE83}.Debug|Any CPU.Build.0 = Debug|Any CPU
		{51FDD58C-5317-0F89-E7BC-8FA92FCCEE83}.Debug|x64.ActiveCfg = Debug|Any CPU
		{51FDD58C-5317-0F89-E7BC-8FA92FCCEE83}.Debug|x64.Build.0 = Debug|Any CPU
		{51FDD58C-5317-0F89-E7BC-8FA92FCCEE83}.Debug|x86.ActiveCfg = Debug|Any CPU
		{51FDD58C-5317-0F89-E7BC-8FA92FCCEE83}.Debug|x86.Build.0 = Debug|Any CPU
		{51FDD58C-5317-0F89-E7BC-8FA92FCCEE83}.Release|Any CPU.ActiveCfg = Release|Any CPU
		{51FDD58C-5317-0F89-E7BC-8FA92FCCEE83}.Release|Any CPU.Build.0 = Release|Any CPU
		{51FDD58C-5317-0F89-E7BC-8FA92FCCEE83}.Release|x64.ActiveCfg = Release|Any CPU
		{51FDD58C-5317-0F89-E7BC-8FA92FCCEE83}.Release|x64.Build.0 = Release|Any CPU
		{51FDD58C-5317-0F89-E7BC-8FA92FCCEE83}.Release|x86.ActiveCfg = Release|Any CPU
		{51FDD58C-5317-0F89-E7BC-8FA92FCCEE83}.Release|x86.Build.0 = Release|Any CPU
		{DC1428C9-3343-4182-808D-936043FCA343}.Debug|Any CPU.ActiveCfg = Debug|Any CPU
		{DC1428C9-3343-4182-808D-936043FCA343}.Debug|Any CPU.Build.0 = Debug|Any CPU
		{DC1428C9-3343-4182-808D-936043FCA343}.Debug|x64.ActiveCfg = Debug|Any CPU
		{DC1428C9-3343-4182-808D-936043FCA343}.Debug|x64.Build.0 = Debug|Any CPU
		{DC1428C9-3343-4182-808D-936043FCA343}.Debug|x86.ActiveCfg = Debug|Any CPU
		{DC1428C9-3343-4182-808D-936043FCA343}.Debug|x86.Build.0 = Debug|Any CPU
		{DC1428C9-3343-4182-808D-936043FCA343}.Release|Any CPU.ActiveCfg = Release|Any CPU
		{DC1428C9-3343-4182-808D-936043FCA343}.Release|Any CPU.Build.0 = Release|Any CPU
		{DC1428C9-3343-4182-808D-936043FCA343}.Release|x64.ActiveCfg = Release|Any CPU
		{DC1428C9-3343-4182-808D-936043FCA343}.Release|x64.Build.0 = Release|Any CPU
		{DC1428C9-3343-4182-808D-936043FCA343}.Release|x86.ActiveCfg = Release|Any CPU
		{DC1428C9-3343-4182-808D-936043FCA343}.Release|x86.Build.0 = Release|Any CPU
		{738E1C1F-48BA-4A69-AC71-AEBD00B11E90}.Debug|Any CPU.ActiveCfg = Debug|Any CPU
		{738E1C1F-48BA-4A69-AC71-AEBD00B11E90}.Debug|Any CPU.Build.0 = Debug|Any CPU
		{738E1C1F-48BA-4A69-AC71-AEBD00B11E90}.Debug|x64.ActiveCfg = Debug|Any CPU
		{738E1C1F-48BA-4A69-AC71-AEBD00B11E90}.Debug|x64.Build.0 = Debug|Any CPU
		{738E1C1F-48BA-4A69-AC71-AEBD00B11E90}.Debug|x86.ActiveCfg = Debug|Any CPU
		{738E1C1F-48BA-4A69-AC71-AEBD00B11E90}.Debug|x86.Build.0 = Debug|Any CPU
		{738E1C1F-48BA-4A69-AC71-AEBD00B11E90}.Release|Any CPU.ActiveCfg = Release|Any CPU
		{738E1C1F-48BA-4A69-AC71-AEBD00B11E90}.Release|Any CPU.Build.0 = Release|Any CPU
		{738E1C1F-48BA-4A69-AC71-AEBD00B11E90}.Release|x64.ActiveCfg = Release|Any CPU
		{738E1C1F-48BA-4A69-AC71-AEBD00B11E90}.Release|x64.Build.0 = Release|Any CPU
		{738E1C1F-48BA-4A69-AC71-AEBD00B11E90}.Release|x86.ActiveCfg = Release|Any CPU
		{738E1C1F-48BA-4A69-AC71-AEBD00B11E90}.Release|x86.Build.0 = Release|Any CPU
		{3D7BC5F4-96BB-4FC9-9446-816FE93A65FD}.Debug|Any CPU.ActiveCfg = Debug|Any CPU
		{3D7BC5F4-96BB-4FC9-9446-816FE93A65FD}.Debug|Any CPU.Build.0 = Debug|Any CPU
		{3D7BC5F4-96BB-4FC9-9446-816FE93A65FD}.Debug|x64.ActiveCfg = Debug|Any CPU
		{3D7BC5F4-96BB-4FC9-9446-816FE93A65FD}.Debug|x64.Build.0 = Debug|Any CPU
		{3D7BC5F4-96BB-4FC9-9446-816FE93A65FD}.Debug|x86.ActiveCfg = Debug|Any CPU
		{3D7BC5F4-96BB-4FC9-9446-816FE93A65FD}.Debug|x86.Build.0 = Debug|Any CPU
		{3D7BC5F4-96BB-4FC9-9446-816FE93A65FD}.Release|Any CPU.ActiveCfg = Release|Any CPU
		{3D7BC5F4-96BB-4FC9-9446-816FE93A65FD}.Release|Any CPU.Build.0 = Release|Any CPU
		{3D7BC5F4-96BB-4FC9-9446-816FE93A65FD}.Release|x64.ActiveCfg = Release|Any CPU
		{3D7BC5F4-96BB-4FC9-9446-816FE93A65FD}.Release|x64.Build.0 = Release|Any CPU
		{3D7BC5F4-96BB-4FC9-9446-816FE93A65FD}.Release|x86.ActiveCfg = Release|Any CPU
		{3D7BC5F4-96BB-4FC9-9446-816FE93A65FD}.Release|x86.Build.0 = Release|Any CPU
		{C5282263-1C5C-4248-B014-BC26E8723532}.Debug|Any CPU.ActiveCfg = Debug|Any CPU
		{C5282263-1C5C-4248-B014-BC26E8723532}.Debug|Any CPU.Build.0 = Debug|Any CPU
		{C5282263-1C5C-4248-B014-BC26E8723532}.Debug|x64.ActiveCfg = Debug|Any CPU
		{C5282263-1C5C-4248-B014-BC26E8723532}.Debug|x64.Build.0 = Debug|Any CPU
		{C5282263-1C5C-4248-B014-BC26E8723532}.Debug|x86.ActiveCfg = Debug|Any CPU
		{C5282263-1C5C-4248-B014-BC26E8723532}.Debug|x86.Build.0 = Debug|Any CPU
		{C5282263-1C5C-4248-B014-BC26E8723532}.Release|Any CPU.ActiveCfg = Release|Any CPU
		{C5282263-1C5C-4248-B014-BC26E8723532}.Release|Any CPU.Build.0 = Release|Any CPU
		{C5282263-1C5C-4248-B014-BC26E8723532}.Release|x64.ActiveCfg = Release|Any CPU
		{C5282263-1C5C-4248-B014-BC26E8723532}.Release|x64.Build.0 = Release|Any CPU
		{C5282263-1C5C-4248-B014-BC26E8723532}.Release|x86.ActiveCfg = Release|Any CPU
		{C5282263-1C5C-4248-B014-BC26E8723532}.Release|x86.Build.0 = Release|Any CPU
		{40DF54A6-E64B-AAC1-FE73-BA3D7BE739BC}.Debug|Any CPU.ActiveCfg = Debug|Any CPU
		{40DF54A6-E64B-AAC1-FE73-BA3D7BE739BC}.Debug|Any CPU.Build.0 = Debug|Any CPU
		{40DF54A6-E64B-AAC1-FE73-BA3D7BE739BC}.Debug|x64.ActiveCfg = Debug|Any CPU
		{40DF54A6-E64B-AAC1-FE73-BA3D7BE739BC}.Debug|x64.Build.0 = Debug|Any CPU
		{40DF54A6-E64B-AAC1-FE73-BA3D7BE739BC}.Debug|x86.ActiveCfg = Debug|Any CPU
		{40DF54A6-E64B-AAC1-FE73-BA3D7BE739BC}.Debug|x86.Build.0 = Debug|Any CPU
		{40DF54A6-E64B-AAC1-FE73-BA3D7BE739BC}.Release|Any CPU.ActiveCfg = Release|Any CPU
		{40DF54A6-E64B-AAC1-FE73-BA3D7BE739BC}.Release|Any CPU.Build.0 = Release|Any CPU
		{40DF54A6-E64B-AAC1-FE73-BA3D7BE739BC}.Release|x64.ActiveCfg = Release|Any CPU
		{40DF54A6-E64B-AAC1-FE73-BA3D7BE739BC}.Release|x64.Build.0 = Release|Any CPU
		{40DF54A6-E64B-AAC1-FE73-BA3D7BE739BC}.Release|x86.ActiveCfg = Release|Any CPU
		{40DF54A6-E64B-AAC1-FE73-BA3D7BE739BC}.Release|x86.Build.0 = Release|Any CPU
		{B32E9CDF-91E0-9A2C-4A06-6155878FDB71}.Debug|Any CPU.ActiveCfg = Debug|Any CPU
		{B32E9CDF-91E0-9A2C-4A06-6155878FDB71}.Debug|Any CPU.Build.0 = Debug|Any CPU
		{B32E9CDF-91E0-9A2C-4A06-6155878FDB71}.Debug|x64.ActiveCfg = Debug|Any CPU
		{B32E9CDF-91E0-9A2C-4A06-6155878FDB71}.Debug|x64.Build.0 = Debug|Any CPU
		{B32E9CDF-91E0-9A2C-4A06-6155878FDB71}.Debug|x86.ActiveCfg = Debug|Any CPU
		{B32E9CDF-91E0-9A2C-4A06-6155878FDB71}.Debug|x86.Build.0 = Debug|Any CPU
		{B32E9CDF-91E0-9A2C-4A06-6155878FDB71}.Release|Any CPU.ActiveCfg = Release|Any CPU
		{B32E9CDF-91E0-9A2C-4A06-6155878FDB71}.Release|Any CPU.Build.0 = Release|Any CPU
		{B32E9CDF-91E0-9A2C-4A06-6155878FDB71}.Release|x64.ActiveCfg = Release|Any CPU
		{B32E9CDF-91E0-9A2C-4A06-6155878FDB71}.Release|x64.Build.0 = Release|Any CPU
		{B32E9CDF-91E0-9A2C-4A06-6155878FDB71}.Release|x86.ActiveCfg = Release|Any CPU
		{B32E9CDF-91E0-9A2C-4A06-6155878FDB71}.Release|x86.Build.0 = Release|Any CPU
	EndGlobalSection
	GlobalSection(SolutionProperties) = preSolution
		HideSolutionNode = FALSE
	EndGlobalSection
	GlobalSection(NestedProjects) = preSolution
		{A0B1C2D3-E4F5-6789-ABCD-EF0123456789} = {827E0CD3-B72D-47B6-A68D-7590B98EB39B}
		{A1B2C3D4-E5F6-7890-ABCD-EF1234567890} = {827E0CD3-B72D-47B6-A68D-7590B98EB39B}
		{CC50E61D-6581-4CBF-B718-3DC9440AC766} = {827E0CD3-B72D-47B6-A68D-7590B98EB39B}
		{0DB2FCCF-8897-D95D-492D-BED99E6ECD61} = {827E0CD3-B72D-47B6-A68D-7590B98EB39B}
		{F507CDC7-77CC-03A5-DD36-ED8EA4749AA9} = {0AB3BF05-4346-4AA6-1389-037BE0695223}
		{2483D9FB-BCC9-4E24-988D-37F312F6604C} = {0AB3BF05-4346-4AA6-1389-037BE0695223}
		{F985BDD9-E8B5-0033-7EC6-CC1CEDF73B53} = {0AB3BF05-4346-4AA6-1389-037BE0695223}
		{51FDD58C-5317-0F89-E7BC-8FA92FCCEE83} = {0AB3BF05-4346-4AA6-1389-037BE0695223}
		{DC1428C9-3343-4182-808D-936043FCA343} = {827E0CD3-B72D-47B6-A68D-7590B98EB39B}
		{738E1C1F-48BA-4A69-AC71-AEBD00B11E90} = {0AB3BF05-4346-4AA6-1389-037BE0695223}
		{3D7BC5F4-96BB-4FC9-9446-816FE93A65FD} = {07C2787E-EAC7-C090-1BA3-A61EC2A24D84}
		{C5282263-1C5C-4248-B014-BC26E8723532} = {0AB3BF05-4346-4AA6-1389-037BE0695223}
		{40DF54A6-E64B-AAC1-FE73-BA3D7BE739BC} = {1A6CD0E7-E21C-40BC-8551-7A9F01A8ADDE}
		{B32E9CDF-91E0-9A2C-4A06-6155878FDB71} = {1A6CD0E7-E21C-40BC-8551-7A9F01A8ADDE}
	EndGlobalSection
EndGlobal
