
Microsoft Visual Studio Solution File, Format Version 12.00
# Visual Studio Version 17
VisualStudioVersion = 17.0.31903.59
MinimumVisualStudioVersion = 10.0.40219.1
Project("{FAE04EC0-301F-11D3-BF4B-00C04F79EFBC}") = "Relay", "src\Relay\Relay.csproj", "{A0B1C2D3-E4F5-6789-ABCD-EF0123456789}"
EndProject
Project("{FAE04EC0-301F-11D3-BF4B-00C04F79EFBC}") = "Relay.Core", "src\Relay.Core\Relay.Core.csproj", "{A1B2C3D4-E5F6-7890-ABCD-EF1234567890}"
EndProject
Project("{FAE04EC0-301F-11D3-BF4B-00C04F79EFBC}") = "Relay.SourceGenerator", "src\Relay.SourceGenerator\Relay.SourceGenerator.csproj", "{0DB2FCCF-8897-D95D-492D-BED99E6ECD61}"
EndProject
Project("{FAE04EC0-301F-11D3-BF4B-00C04F79EFBC}") = "Relay.Core.Tests", "tests\Relay.Core.Tests\Relay.Core.Tests.csproj", "{F507CDC7-77CC-03A5-DD36-ED8EA4749AA9}"
EndProject
Project("{FAE04EC0-301F-11D3-BF4B-00C04F79EFBC}") = "Relay.SourceGenerator.Tests", "tests\Relay.SourceGenerator.Tests\Relay.SourceGenerator.Tests.csproj", "{F985BDD9-E8B5-0033-7EC6-CC1CEDF73B53}"
EndProject
Project("{FAE04EC0-301F-11D3-BF4B-00C04F79EFBC}") = "Relay.Packaging.Tests", "tests\Relay.Packaging.Tests\Relay.Packaging.Tests.csproj", "{51FDD58C-5317-0F89-E7BC-8FA92FCCEE83}"
EndProject
Project("{2150E333-8FDC-42A3-9474-1A3956D46DE8}") = "src", "src", "{827E0CD3-B72D-47B6-A68D-7590B98EB39B}"
EndProject
Project("{2150E333-8FDC-42A3-9474-1A3956D46DE8}") = "tests", "tests", "{0AB3BF05-4346-4AA6-1389-037BE0695223}"
EndProject
Project("{FAE04EC0-301F-11D3-BF4B-00C04F79EFBC}") = "Relay.MessageBroker", "src\Relay.MessageBroker\Relay.MessageBroker.csproj", "{DC1428C9-3343-4182-808D-936043FCA343}"
EndProject
Project("{FAE04EC0-301F-11D3-BF4B-00C04F79EFBC}") = "Relay.MessageBroker.Tests", "tests\Relay.MessageBroker.Tests\Relay.MessageBroker.Tests.csproj", "{738E1C1F-48BA-4A69-AC71-AEBD00B11E90}"
EndProject
Project("{2150E333-8FDC-42A3-9474-1A3956D46DE8}") = "tools", "tools", "{07C2787E-EAC7-C090-1BA3-A61EC2A24D84}"
EndProject
Project("{FAE04EC0-301F-11D3-BF4B-00C04F79EFBC}") = "Relay.CLI", "tools\Relay.CLI\Relay.CLI.csproj", "{3D7BC5F4-96BB-4FC9-9446-816FE93A65FD}"
EndProject
Project("{2150E333-8FDC-42A3-9474-1A3956D46DE8}") = "samples", "samples", "{5D20AA90-6969-D8BD-9DCD-8634F4692FDA}"
EndProject
Project("{FAE04EC0-301F-11D3-BF4B-00C04F79EFBC}") = "RelayDemo", "samples\QuickStartDemo\RelayDemo\RelayDemo.csproj", "{1F4055D8-8406-4BF8-9AD1-382DFA281B2C}"
EndProject
Project("{FAE04EC0-301F-11D3-BF4B-00C04F79EFBC}") = "ComprehensiveRelayAPI", "samples\ComprehensiveRelayAPI\ComprehensiveRelayAPI\ComprehensiveRelayAPI.csproj", "{F258B59F-9F6A-49EC-ADDB-40A7FD63025A}"
EndProject
Project("{FAE04EC0-301F-11D3-BF4B-00C04F79EFBC}") = "SagaPatternSample", "samples\SagaPatternSample\SagaPatternSample\SagaPatternSample.csproj", "{7F6E09C5-BE7B-4966-8CED-BE45BC0136C7}"
EndProject
Project("{FAE04EC0-301F-11D3-BF4B-00C04F79EFBC}") = "CachingSample", "samples\CachingSample\CachingSample.csproj", "{18879556-B758-4B59-8C80-D91A643D0F20}"
EndProject
Project("{FAE04EC0-301F-11D3-BF4B-00C04F79EFBC}") = "ValidationSample", "samples\ValidationSample\ValidationSample.csproj", "{3D3698AB-0C24-48DF-8527-FD2CDD16F193}"
EndProject
Project("{FAE04EC0-301F-11D3-BF4B-00C04F79EFBC}") = "TransactionSample", "samples\TransactionSample\TransactionSample.csproj", "{01B28E07-50E7-4A60-B140-CDBC4B7821CE}"
EndProject
Project("{FAE04EC0-301F-11D3-BF4B-00C04F79EFBC}") = "CircuitBreakerSample", "samples\CircuitBreakerSample\CircuitBreakerSample.csproj", "{6DB88FBB-0948-4407-A21E-4AAA28917388}"
EndProject
Project("{FAE04EC0-301F-11D3-BF4B-00C04F79EFBC}") = "RateLimitingSample", "samples\RateLimitingSample\RateLimitingSample.csproj", "{F05A7268-8148-4443-BD0D-F572ADC1444F}"
EndProject
Project("{FAE04EC0-301F-11D3-BF4B-00C04F79EFBC}") = "OpenTelemetrySample", "samples\OpenTelemetrySample\OpenTelemetrySample.csproj", "{BA330AF6-5B96-4361-9562-E653CCE88CF1}"
EndProject
Project("{FAE04EC0-301F-11D3-BF4B-00C04F79EFBC}") = "AuthorizationSample", "samples\AuthorizationSample\AuthorizationSample.csproj", "{B76B5B0E-8A97-46B6-89D9-015511AD10B9}"
EndProject
Project("{FAE04EC0-301F-11D3-BF4B-00C04F79EFBC}") = "BackgroundServiceSample", "samples\BackgroundServiceSample\BackgroundServiceSample.csproj", "{5DFA5B2F-E429-4CAB-98BC-F00C5DD0DB73}"
EndProject
Project("{FAE04EC0-301F-11D3-BF4B-00C04F79EFBC}") = "BatchProcessingSample", "samples\BatchProcessingSample\BatchProcessingSample.csproj", "{E6584D56-6697-4FEB-AD6A-0FABF903386D}"
EndProject
Project("{FAE04EC0-301F-11D3-BF4B-00C04F79EFBC}") = "StreamingSample", "samples\StreamingSample\StreamingSample.csproj", "{F1907E9C-C72D-4505-B74C-C190AE76205D}"
EndProject
Project("{FAE04EC0-301F-11D3-BF4B-00C04F79EFBC}") = "WebApiIntegrationSample", "samples\WebApiIntegrationSample\WebApiIntegrationSample.csproj", "{AEAEC1B8-C20D-40A9-ABDC-ACB06A901BD9}"
EndProject
Project("{FAE04EC0-301F-11D3-BF4B-00C04F79EFBC}") = "NotificationPublishingSample", "samples\NotificationPublishingSample\NotificationPublishingSample.csproj", "{989CB69D-D541-420A-B37B-5385CE4596A8}"
EndProject
Project("{FAE04EC0-301F-11D3-BF4B-00C04F79EFBC}") = "ExceptionHandlingSample", "samples\ExceptionHandlingSample\ExceptionHandlingSample.csproj", "{6F6AE1C1-4C3A-44C7-883E-C3B50EBC1EAA}"
EndProject
Project("{FAE04EC0-301F-11D3-BF4B-00C04F79EFBC}") = "RetrySample", "samples\RetrySample\RetrySample.csproj", "{E7C53411-8DE3-456F-8F1C-0162A3418AA0}"
EndProject
Project("{FAE04EC0-301F-11D3-BF4B-00C04F79EFBC}") = "MessageQueueSample", "samples\MessageQueueSample\MessageQueueSample.csproj", "{E6A3E40C-E34E-4566-8FBF-D2BBC9A7CFB2}"
EndProject
Project("{FAE04EC0-301F-11D3-BF4B-00C04F79EFBC}") = "DistributedTracingSample", "samples\DistributedTracingSample\DistributedTracingSample.csproj", "{C7FDB7AA-7184-4E4E-B6C7-710A6188FC6E}"
EndProject
Project("{FAE04EC0-301F-11D3-BF4B-00C04F79EFBC}") = "Relay.CLI.Tests", "tools\Relay.CLI.Tests\Relay.CLI.Tests.csproj", "{C5282263-1C5C-4248-B014-BC26E8723532}"
EndProject
Global
	GlobalSection(SolutionConfigurationPlatforms) = preSolution
		Debug|Any CPU = Debug|Any CPU
		Debug|x64 = Debug|x64
		Debug|x86 = Debug|x86
		Release|Any CPU = Release|Any CPU
		Release|x64 = Release|x64
		Release|x86 = Release|x86
	EndGlobalSection
	GlobalSection(ProjectConfigurationPlatforms) = postSolution
		{A0B1C2D3-E4F5-6789-ABCD-EF0123456789}.Debug|Any CPU.ActiveCfg = Debug|Any CPU
		{A0B1C2D3-E4F5-6789-ABCD-EF0123456789}.Debug|Any CPU.Build.0 = Debug|Any CPU
		{A0B1C2D3-E4F5-6789-ABCD-EF0123456789}.Debug|x64.ActiveCfg = Debug|Any CPU
		{A0B1C2D3-E4F5-6789-ABCD-EF0123456789}.Debug|x64.Build.0 = Debug|Any CPU
		{A0B1C2D3-E4F5-6789-ABCD-EF0123456789}.Debug|x86.ActiveCfg = Debug|Any CPU
		{A0B1C2D3-E4F5-6789-ABCD-EF0123456789}.Debug|x86.Build.0 = Debug|Any CPU
		{A0B1C2D3-E4F5-6789-ABCD-EF0123456789}.Release|Any CPU.ActiveCfg = Release|Any CPU
		{A0B1C2D3-E4F5-6789-ABCD-EF0123456789}.Release|Any CPU.Build.0 = Release|Any CPU
		{A0B1C2D3-E4F5-6789-ABCD-EF0123456789}.Release|x64.ActiveCfg = Release|Any CPU
		{A0B1C2D3-E4F5-6789-ABCD-EF0123456789}.Release|x64.Build.0 = Release|Any CPU
		{A0B1C2D3-E4F5-6789-ABCD-EF0123456789}.Release|x86.ActiveCfg = Release|Any CPU
		{A0B1C2D3-E4F5-6789-ABCD-EF0123456789}.Release|x86.Build.0 = Release|Any CPU
		{A1B2C3D4-E5F6-7890-ABCD-EF1234567890}.Debug|Any CPU.ActiveCfg = Debug|Any CPU
		{A1B2C3D4-E5F6-7890-ABCD-EF1234567890}.Debug|Any CPU.Build.0 = Debug|Any CPU
		{A1B2C3D4-E5F6-7890-ABCD-EF1234567890}.Debug|x64.ActiveCfg = Debug|Any CPU
		{A1B2C3D4-E5F6-7890-ABCD-EF1234567890}.Debug|x64.Build.0 = Debug|Any CPU
		{A1B2C3D4-E5F6-7890-ABCD-EF1234567890}.Debug|x86.ActiveCfg = Debug|Any CPU
		{A1B2C3D4-E5F6-7890-ABCD-EF1234567890}.Debug|x86.Build.0 = Debug|Any CPU
		{A1B2C3D4-E5F6-7890-ABCD-EF1234567890}.Release|Any CPU.ActiveCfg = Release|Any CPU
		{A1B2C3D4-E5F6-7890-ABCD-EF1234567890}.Release|Any CPU.Build.0 = Release|Any CPU
		{A1B2C3D4-E5F6-7890-ABCD-EF1234567890}.Release|x64.ActiveCfg = Release|Any CPU
		{A1B2C3D4-E5F6-7890-ABCD-EF1234567890}.Release|x64.Build.0 = Release|Any CPU
		{A1B2C3D4-E5F6-7890-ABCD-EF1234567890}.Release|x86.ActiveCfg = Release|Any CPU
		{A1B2C3D4-E5F6-7890-ABCD-EF1234567890}.Release|x86.Build.0 = Release|Any CPU
		{0DB2FCCF-8897-D95D-492D-BED99E6ECD61}.Debug|Any CPU.ActiveCfg = Debug|Any CPU
		{0DB2FCCF-8897-D95D-492D-BED99E6ECD61}.Debug|Any CPU.Build.0 = Debug|Any CPU
		{0DB2FCCF-8897-D95D-492D-BED99E6ECD61}.Debug|x64.ActiveCfg = Debug|Any CPU
		{0DB2FCCF-8897-D95D-492D-BED99E6ECD61}.Debug|x64.Build.0 = Debug|Any CPU
		{0DB2FCCF-8897-D95D-492D-BED99E6ECD61}.Debug|x86.ActiveCfg = Debug|Any CPU
		{0DB2FCCF-8897-D95D-492D-BED99E6ECD61}.Debug|x86.Build.0 = Debug|Any CPU
		{0DB2FCCF-8897-D95D-492D-BED99E6ECD61}.Release|Any CPU.ActiveCfg = Release|Any CPU
		{0DB2FCCF-8897-D95D-492D-BED99E6ECD61}.Release|Any CPU.Build.0 = Release|Any CPU
		{0DB2FCCF-8897-D95D-492D-BED99E6ECD61}.Release|x64.ActiveCfg = Release|Any CPU
		{0DB2FCCF-8897-D95D-492D-BED99E6ECD61}.Release|x64.Build.0 = Release|Any CPU
		{0DB2FCCF-8897-D95D-492D-BED99E6ECD61}.Release|x86.ActiveCfg = Release|Any CPU
		{0DB2FCCF-8897-D95D-492D-BED99E6ECD61}.Release|x86.Build.0 = Release|Any CPU
		{F507CDC7-77CC-03A5-DD36-ED8EA4749AA9}.Debug|Any CPU.ActiveCfg = Debug|Any CPU
		{F507CDC7-77CC-03A5-DD36-ED8EA4749AA9}.Debug|Any CPU.Build.0 = Debug|Any CPU
		{F507CDC7-77CC-03A5-DD36-ED8EA4749AA9}.Debug|x64.ActiveCfg = Debug|Any CPU
		{0DB2FCCF-8897-D95D-492D-BED99E6ECD61}.Debug|x64.Build.0 = Debug|Any CPU
		{0DB2FCCF-8897-D95D-492D-BED99E6ECD61}.Debug|x86.ActiveCfg = Debug|Any CPU
		{0DB2FCCF-8897-D95D-492D-BED99E6ECD61}.Debug|x86.Build.0 = Debug|Any CPU
		{0DB2FCCF-8897-D95D-492D-BED99E6ECD61}.Release|x64.ActiveCfg = Release|Any CPU
		{0DB2FCCF-8897-D95D-492D-BED99E6ECD61}.Release|x64.Build.0 = Release|Any CPU
		{0DB2FCCF-8897-D95D-492D-BED99E6ECD61}.Release|x86.ActiveCfg = Release|Any CPU
		{0DB2FCCF-8897-D95D-492D-BED99E6ECD61}.Release|x86.Build.0 = Release|Any CPU
		{F507CDC7-77CC-03A5-DD36-ED8EA4749AA9}.Debug|x64.ActiveCfg = Debug|Any CPU
		{F507CDC7-77CC-03A5-DD36-ED8EA4749AA9}.Debug|x64.Build.0 = Debug|Any CPU
		{F507CDC7-77CC-03A5-DD36-ED8EA4749AA9}.Debug|x86.ActiveCfg = Debug|Any CPU
		{F507CDC7-77CC-03A5-DD36-ED8EA4749AA9}.Debug|x86.Build.0 = Debug|Any CPU
		{F507CDC7-77CC-03A5-DD36-ED8EA4749AA9}.Release|x64.ActiveCfg = Release|Any CPU
		{F507CDC7-77CC-03A5-DD36-ED8EA4749AA9}.Release|x64.Build.0 = Release|Any CPU
		{F507CDC7-77CC-03A5-DD36-ED8EA4749AA9}.Release|x86.ActiveCfg = Release|Any CPU
		{F507CDC7-77CC-03A5-DD36-ED8EA4749AA9}.Release|x86.Build.0 = Release|Any CPU
		{F985BDD9-E8B5-0033-7EC6-CC1CEDF73B53}.Debug|Any CPU.ActiveCfg = Debug|Any CPU
		{F985BDD9-E8B5-0033-7EC6-CC1CEDF73B53}.Debug|Any CPU.Build.0 = Debug|Any CPU
		{F985BDD9-E8B5-0033-7EC6-CC1CEDF73B53}.Debug|x64.ActiveCfg = Debug|Any CPU
		{F985BDD9-E8B5-0033-7EC6-CC1CEDF73B53}.Debug|x64.Build.0 = Debug|Any CPU
		{F985BDD9-E8B5-0033-7EC6-CC1CEDF73B53}.Debug|x86.ActiveCfg = Debug|Any CPU
		{F985BDD9-E8B5-0033-7EC6-CC1CEDF73B53}.Debug|x86.Build.0 = Debug|Any CPU
		{F985BDD9-E8B5-0033-7EC6-CC1CEDF73B53}.Release|x64.ActiveCfg = Release|Any CPU
		{F985BDD9-E8B5-0033-7EC6-CC1CEDF73B53}.Release|x64.Build.0 = Release|Any CPU
		{F985BDD9-E8B5-0033-7EC6-CC1CEDF73B53}.Release|x86.ActiveCfg = Release|Any CPU
		{F985BDD9-E8B5-0033-7EC6-CC1CEDF73B53}.Release|x86.Build.0 = Release|Any CPU
		{51FDD58C-5317-0F89-E7BC-8FA92FCCEE83}.Debug|Any CPU.ActiveCfg = Debug|Any CPU
		{51FDD58C-5317-0F89-E7BC-8FA92FCCEE83}.Debug|Any CPU.Build.0 = Debug|Any CPU
		{51FDD58C-5317-0F89-E7BC-8FA92FCCEE83}.Debug|x64.ActiveCfg = Debug|Any CPU
		{51FDD58C-5317-0F89-E7BC-8FA92FCCEE83}.Debug|x64.Build.0 = Debug|Any CPU
		{51FDD58C-5317-0F89-E7BC-8FA92FCCEE83}.Debug|x86.ActiveCfg = Debug|Any CPU
		{51FDD58C-5317-0F89-E7BC-8FA92FCCEE83}.Debug|x86.Build.0 = Debug|Any CPU
		{51FDD58C-5317-0F89-E7BC-8FA92FCCEE83}.Release|x64.ActiveCfg = Release|Any CPU
		{51FDD58C-5317-0F89-E7BC-8FA92FCCEE83}.Release|x64.Build.0 = Release|Any CPU
		{51FDD58C-5317-0F89-E7BC-8FA92FCCEE83}.Release|x86.ActiveCfg = Release|Any CPU
		{51FDD58C-5317-0F89-E7BC-8FA92FCCEE83}.Release|x86.Build.0 = Release|Any CPU
		{DC1428C9-3343-4182-808D-936043FCA343}.Debug|Any CPU.ActiveCfg = Debug|Any CPU
		{DC1428C9-3343-4182-808D-936043FCA343}.Debug|Any CPU.Build.0 = Debug|Any CPU
		{DC1428C9-3343-4182-808D-936043FCA343}.Debug|x64.ActiveCfg = Debug|Any CPU
		{DC1428C9-3343-4182-808D-936043FCA343}.Debug|x64.Build.0 = Debug|Any CPU
		{DC1428C9-3343-4182-808D-936043FCA343}.Debug|x86.ActiveCfg = Debug|Any CPU
		{DC1428C9-3343-4182-808D-936043FCA343}.Debug|x86.Build.0 = Debug|Any CPU
		{DC1428C9-3343-4182-808D-936043FCA343}.Release|Any CPU.ActiveCfg = Release|Any CPU
		{DC1428C9-3343-4182-808D-936043FCA343}.Release|Any CPU.Build.0 = Release|Any CPU
		{DC1428C9-3343-4182-808D-936043FCA343}.Release|x64.ActiveCfg = Release|Any CPU
		{DC1428C9-3343-4182-808D-936043FCA343}.Release|x64.Build.0 = Release|Any CPU
		{DC1428C9-3343-4182-808D-936043FCA343}.Release|x86.ActiveCfg = Release|Any CPU
		{DC1428C9-3343-4182-808D-936043FCA343}.Release|x86.Build.0 = Release|Any CPU
		{738E1C1F-48BA-4A69-AC71-AEBD00B11E90}.Debug|Any CPU.ActiveCfg = Debug|Any CPU
		{738E1C1F-48BA-4A69-AC71-AEBD00B11E90}.Debug|Any CPU.Build.0 = Debug|Any CPU
		{738E1C1F-48BA-4A69-AC71-AEBD00B11E90}.Debug|x64.ActiveCfg = Debug|Any CPU
		{738E1C1F-48BA-4A69-AC71-AEBD00B11E90}.Debug|x64.Build.0 = Debug|Any CPU
		{738E1C1F-48BA-4A69-AC71-AEBD00B11E90}.Debug|x86.ActiveCfg = Debug|Any CPU
		{738E1C1F-48BA-4A69-AC71-AEBD00B11E90}.Debug|x86.Build.0 = Debug|Any CPU
		{738E1C1F-48BA-4A69-AC71-AEBD00B11E90}.Release|Any CPU.ActiveCfg = Release|Any CPU
		{738E1C1F-48BA-4A69-AC71-AEBD00B11E90}.Release|Any CPU.Build.0 = Release|Any CPU
		{738E1C1F-48BA-4A69-AC71-AEBD00B11E90}.Release|x64.ActiveCfg = Release|Any CPU
		{738E1C1F-48BA-4A69-AC71-AEBD00B11E90}.Release|x64.Build.0 = Release|Any CPU
		{738E1C1F-48BA-4A69-AC71-AEBD00B11E90}.Release|x86.ActiveCfg = Release|Any CPU
		{738E1C1F-48BA-4A69-AC71-AEBD00B11E90}.Release|x86.Build.0 = Release|Any CPU
		{3D7BC5F4-96BB-4FC9-9446-816FE93A65FD}.Debug|Any CPU.ActiveCfg = Debug|Any CPU
		{3D7BC5F4-96BB-4FC9-9446-816FE93A65FD}.Debug|Any CPU.Build.0 = Debug|Any CPU
		{3D7BC5F4-96BB-4FC9-9446-816FE93A65FD}.Debug|x64.ActiveCfg = Debug|Any CPU
		{3D7BC5F4-96BB-4FC9-9446-816FE93A65FD}.Debug|x64.Build.0 = Debug|Any CPU
		{3D7BC5F4-96BB-4FC9-9446-816FE93A65FD}.Debug|x86.ActiveCfg = Debug|Any CPU
		{3D7BC5F4-96BB-4FC9-9446-816FE93A65FD}.Debug|x86.Build.0 = Debug|Any CPU
		{3D7BC5F4-96BB-4FC9-9446-816FE93A65FD}.Release|Any CPU.ActiveCfg = Release|Any CPU
		{3D7BC5F4-96BB-4FC9-9446-816FE93A65FD}.Release|Any CPU.Build.0 = Release|Any CPU
		{3D7BC5F4-96BB-4FC9-9446-816FE93A65FD}.Release|x64.ActiveCfg = Release|Any CPU
		{3D7BC5F4-96BB-4FC9-9446-816FE93A65FD}.Release|x64.Build.0 = Release|Any CPU
		{3D7BC5F4-96BB-4FC9-9446-816FE93A65FD}.Release|x86.ActiveCfg = Release|Any CPU
		{3D7BC5F4-96BB-4FC9-9446-816FE93A65FD}.Release|x86.Build.0 = Release|Any CPU
		{1F4055D8-8406-4BF8-9AD1-382DFA281B2C}.Debug|Any CPU.ActiveCfg = Debug|Any CPU
		{1F4055D8-8406-4BF8-9AD1-382DFA281B2C}.Debug|Any CPU.Build.0 = Debug|Any CPU
		{1F4055D8-8406-4BF8-9AD1-382DFA281B2C}.Debug|x64.ActiveCfg = Debug|Any CPU
		{1F4055D8-8406-4BF8-9AD1-382DFA281B2C}.Debug|x64.Build.0 = Debug|Any CPU
		{1F4055D8-8406-4BF8-9AD1-382DFA281B2C}.Debug|x86.ActiveCfg = Debug|Any CPU
		{1F4055D8-8406-4BF8-9AD1-382DFA281B2C}.Debug|x86.Build.0 = Debug|Any CPU
		{1F4055D8-8406-4BF8-9AD1-382DFA281B2C}.Release|Any CPU.ActiveCfg = Release|Any CPU
		{1F4055D8-8406-4BF8-9AD1-382DFA281B2C}.Release|Any CPU.Build.0 = Release|Any CPU
		{1F4055D8-8406-4BF8-9AD1-382DFA281B2C}.Release|x64.ActiveCfg = Release|Any CPU
		{1F4055D8-8406-4BF8-9AD1-382DFA281B2C}.Release|x64.Build.0 = Release|Any CPU
		{1F4055D8-8406-4BF8-9AD1-382DFA281B2C}.Release|x86.ActiveCfg = Release|Any CPU
		{1F4055D8-8406-4BF8-9AD1-382DFA281B2C}.Release|x86.Build.0 = Release|Any CPU
		{F258B59F-9F6A-49EC-ADDB-40A7FD63025A}.Debug|Any CPU.ActiveCfg = Debug|Any CPU
		{F258B59F-9F6A-49EC-ADDB-40A7FD63025A}.Debug|Any CPU.Build.0 = Debug|Any CPU
		{F258B59F-9F6A-49EC-ADDB-40A7FD63025A}.Debug|x64.ActiveCfg = Debug|Any CPU
		{F258B59F-9F6A-49EC-ADDB-40A7FD63025A}.Debug|x64.Build.0 = Debug|Any CPU
		{F258B59F-9F6A-49EC-ADDB-40A7FD63025A}.Debug|x86.ActiveCfg = Debug|Any CPU
		{F258B59F-9F6A-49EC-ADDB-40A7FD63025A}.Debug|x86.Build.0 = Debug|Any CPU
		{F258B59F-9F6A-49EC-ADDB-40A7FD63025A}.Release|Any CPU.ActiveCfg = Release|Any CPU
		{F258B59F-9F6A-49EC-ADDB-40A7FD63025A}.Release|Any CPU.Build.0 = Release|Any CPU
		{F258B59F-9F6A-49EC-ADDB-40A7FD63025A}.Release|x64.ActiveCfg = Release|Any CPU
		{F258B59F-9F6A-49EC-ADDB-40A7FD63025A}.Release|x64.Build.0 = Release|Any CPU
		{F258B59F-9F6A-49EC-ADDB-40A7FD63025A}.Release|x86.ActiveCfg = Release|Any CPU
		{F258B59F-9F6A-49EC-ADDB-40A7FD63025A}.Release|x86.Build.0 = Release|Any CPU
		{7F6E09C5-BE7B-4966-8CED-BE45BC0136C7}.Debug|Any CPU.ActiveCfg = Debug|Any CPU
		{7F6E09C5-BE7B-4966-8CED-BE45BC0136C7}.Debug|Any CPU.Build.0 = Debug|Any CPU
		{7F6E09C5-BE7B-4966-8CED-BE45BC0136C7}.Debug|x64.ActiveCfg = Debug|Any CPU
		{7F6E09C5-BE7B-4966-8CED-BE45BC0136C7}.Debug|x64.Build.0 = Debug|Any CPU
		{7F6E09C5-BE7B-4966-8CED-BE45BC0136C7}.Debug|x86.ActiveCfg = Debug|Any CPU
		{7F6E09C5-BE7B-4966-8CED-BE45BC0136C7}.Debug|x86.Build.0 = Debug|Any CPU
		{7F6E09C5-BE7B-4966-8CED-BE45BC0136C7}.Release|Any CPU.ActiveCfg = Release|Any CPU
		{7F6E09C5-BE7B-4966-8CED-BE45BC0136C7}.Release|Any CPU.Build.0 = Release|Any CPU
		{7F6E09C5-BE7B-4966-8CED-BE45BC0136C7}.Release|x64.ActiveCfg = Release|Any CPU
		{7F6E09C5-BE7B-4966-8CED-BE45BC0136C7}.Release|x64.Build.0 = Release|Any CPU
		{7F6E09C5-BE7B-4966-8CED-BE45BC0136C7}.Release|x86.ActiveCfg = Release|Any CPU
		{7F6E09C5-BE7B-4966-8CED-BE45BC0136C7}.Release|x86.Build.0 = Release|Any CPU
		{18879556-B758-4B59-8C80-D91A643D0F20}.Debug|Any CPU.ActiveCfg = Debug|Any CPU
		{18879556-B758-4B59-8C80-D91A643D0F20}.Debug|Any CPU.Build.0 = Debug|Any CPU
		{18879556-B758-4B59-8C80-D91A643D0F20}.Debug|x64.ActiveCfg = Debug|Any CPU
		{18879556-B758-4B59-8C80-D91A643D0F20}.Debug|x64.Build.0 = Debug|Any CPU
		{18879556-B758-4B59-8C80-D91A643D0F20}.Debug|x86.ActiveCfg = Debug|Any CPU
		{18879556-B758-4B59-8C80-D91A643D0F20}.Debug|x86.Build.0 = Debug|Any CPU
		{18879556-B758-4B59-8C80-D91A643D0F20}.Release|Any CPU.ActiveCfg = Release|Any CPU
		{18879556-B758-4B59-8C80-D91A643D0F20}.Release|Any CPU.Build.0 = Release|Any CPU
		{18879556-B758-4B59-8C80-D91A643D0F20}.Release|x64.ActiveCfg = Release|Any CPU
		{18879556-B758-4B59-8C80-D91A643D0F20}.Release|x64.Build.0 = Release|Any CPU
		{18879556-B758-4B59-8C80-D91A643D0F20}.Release|x86.ActiveCfg = Release|Any CPU
		{18879556-B758-4B59-8C80-D91A643D0F20}.Release|x86.Build.0 = Release|Any CPU
		{3D3698AB-0C24-48DF-8527-FD2CDD16F193}.Debug|Any CPU.ActiveCfg = Debug|Any CPU
		{3D3698AB-0C24-48DF-8527-FD2CDD16F193}.Debug|Any CPU.Build.0 = Debug|Any CPU
		{3D3698AB-0C24-48DF-8527-FD2CDD16F193}.Debug|x64.ActiveCfg = Debug|Any CPU
		{3D3698AB-0C24-48DF-8527-FD2CDD16F193}.Debug|x64.Build.0 = Debug|Any CPU
		{3D3698AB-0C24-48DF-8527-FD2CDD16F193}.Debug|x86.ActiveCfg = Debug|Any CPU
		{3D3698AB-0C24-48DF-8527-FD2CDD16F193}.Debug|x86.Build.0 = Debug|Any CPU
		{3D3698AB-0C24-48DF-8527-FD2CDD16F193}.Release|Any CPU.ActiveCfg = Release|Any CPU
		{3D3698AB-0C24-48DF-8527-FD2CDD16F193}.Release|Any CPU.Build.0 = Release|Any CPU
		{3D3698AB-0C24-48DF-8527-FD2CDD16F193}.Release|x64.ActiveCfg = Release|Any CPU
		{3D3698AB-0C24-48DF-8527-FD2CDD16F193}.Release|x64.Build.0 = Release|Any CPU
		{3D3698AB-0C24-48DF-8527-FD2CDD16F193}.Release|x86.ActiveCfg = Release|Any CPU
		{3D3698AB-0C24-48DF-8527-FD2CDD16F193}.Release|x86.Build.0 = Release|Any CPU
		{01B28E07-50E7-4A60-B140-CDBC4B7821CE}.Debug|Any CPU.ActiveCfg = Debug|Any CPU
		{01B28E07-50E7-4A60-B140-CDBC4B7821CE}.Debug|Any CPU.Build.0 = Debug|Any CPU
		{01B28E07-50E7-4A60-B140-CDBC4B7821CE}.Debug|x64.ActiveCfg = Debug|Any CPU
		{01B28E07-50E7-4A60-B140-CDBC4B7821CE}.Debug|x64.Build.0 = Debug|Any CPU
		{01B28E07-50E7-4A60-B140-CDBC4B7821CE}.Debug|x86.ActiveCfg = Debug|Any CPU
		{01B28E07-50E7-4A60-B140-CDBC4B7821CE}.Debug|x86.Build.0 = Debug|Any CPU
		{01B28E07-50E7-4A60-B140-CDBC4B7821CE}.Release|Any CPU.ActiveCfg = Release|Any CPU
		{01B28E07-50E7-4A60-B140-CDBC4B7821CE}.Release|Any CPU.Build.0 = Release|Any CPU
		{01B28E07-50E7-4A60-B140-CDBC4B7821CE}.Release|x64.ActiveCfg = Release|Any CPU
		{01B28E07-50E7-4A60-B140-CDBC4B7821CE}.Release|x64.Build.0 = Release|Any CPU
		{01B28E07-50E7-4A60-B140-CDBC4B7821CE}.Release|x86.ActiveCfg = Release|Any CPU
		{01B28E07-50E7-4A60-B140-CDBC4B7821CE}.Release|x86.Build.0 = Release|Any CPU
		{6DB88FBB-0948-4407-A21E-4AAA28917388}.Debug|Any CPU.ActiveCfg = Debug|Any CPU
		{6DB88FBB-0948-4407-A21E-4AAA28917388}.Debug|Any CPU.Build.0 = Debug|Any CPU
		{6DB88FBB-0948-4407-A21E-4AAA28917388}.Debug|x64.ActiveCfg = Debug|Any CPU
		{6DB88FBB-0948-4407-A21E-4AAA28917388}.Debug|x64.Build.0 = Debug|Any CPU
		{6DB88FBB-0948-4407-A21E-4AAA28917388}.Debug|x86.ActiveCfg = Debug|Any CPU
		{6DB88FBB-0948-4407-A21E-4AAA28917388}.Debug|x86.Build.0 = Debug|Any CPU
		{6DB88FBB-0948-4407-A21E-4AAA28917388}.Release|Any CPU.ActiveCfg = Release|Any CPU
		{6DB88FBB-0948-4407-A21E-4AAA28917388}.Release|Any CPU.Build.0 = Release|Any CPU
		{6DB88FBB-0948-4407-A21E-4AAA28917388}.Release|x64.ActiveCfg = Release|Any CPU
		{6DB88FBB-0948-4407-A21E-4AAA28917388}.Release|x64.Build.0 = Release|Any CPU
		{6DB88FBB-0948-4407-A21E-4AAA28917388}.Release|x86.ActiveCfg = Release|Any CPU
		{6DB88FBB-0948-4407-A21E-4AAA28917388}.Release|x86.Build.0 = Release|Any CPU
		{F05A7268-8148-4443-BD0D-F572ADC1444F}.Debug|Any CPU.ActiveCfg = Debug|Any CPU
		{F05A7268-8148-4443-BD0D-F572ADC1444F}.Debug|Any CPU.Build.0 = Debug|Any CPU
		{F05A7268-8148-4443-BD0D-F572ADC1444F}.Debug|x64.ActiveCfg = Debug|Any CPU
		{F05A7268-8148-4443-BD0D-F572ADC1444F}.Debug|x64.Build.0 = Debug|Any CPU
		{F05A7268-8148-4443-BD0D-F572ADC1444F}.Debug|x86.ActiveCfg = Debug|Any CPU
		{F05A7268-8148-4443-BD0D-F572ADC1444F}.Debug|x86.Build.0 = Debug|Any CPU
		{F05A7268-8148-4443-BD0D-F572ADC1444F}.Release|Any CPU.ActiveCfg = Release|Any CPU
		{F05A7268-8148-4443-BD0D-F572ADC1444F}.Release|Any CPU.Build.0 = Release|Any CPU
		{F05A7268-8148-4443-BD0D-F572ADC1444F}.Release|x64.ActiveCfg = Release|Any CPU
		{F05A7268-8148-4443-BD0D-F572ADC1444F}.Release|x64.Build.0 = Release|Any CPU
		{F05A7268-8148-4443-BD0D-F572ADC1444F}.Release|x86.ActiveCfg = Release|Any CPU
		{F05A7268-8148-4443-BD0D-F572ADC1444F}.Release|x86.Build.0 = Release|Any CPU
		{BA330AF6-5B96-4361-9562-E653CCE88CF1}.Debug|Any CPU.ActiveCfg = Debug|Any CPU
		{BA330AF6-5B96-4361-9562-E653CCE88CF1}.Debug|Any CPU.Build.0 = Debug|Any CPU
		{BA330AF6-5B96-4361-9562-E653CCE88CF1}.Debug|x64.ActiveCfg = Debug|Any CPU
		{BA330AF6-5B96-4361-9562-E653CCE88CF1}.Debug|x64.Build.0 = Debug|Any CPU
		{BA330AF6-5B96-4361-9562-E653CCE88CF1}.Debug|x86.ActiveCfg = Debug|Any CPU
		{BA330AF6-5B96-4361-9562-E653CCE88CF1}.Debug|x86.Build.0 = Debug|Any CPU
		{BA330AF6-5B96-4361-9562-E653CCE88CF1}.Release|Any CPU.ActiveCfg = Release|Any CPU
		{BA330AF6-5B96-4361-9562-E653CCE88CF1}.Release|Any CPU.Build.0 = Release|Any CPU
		{BA330AF6-5B96-4361-9562-E653CCE88CF1}.Release|x64.ActiveCfg = Release|Any CPU
		{BA330AF6-5B96-4361-9562-E653CCE88CF1}.Release|x64.Build.0 = Release|Any CPU
		{BA330AF6-5B96-4361-9562-E653CCE88CF1}.Release|x86.ActiveCfg = Release|Any CPU
		{BA330AF6-5B96-4361-9562-E653CCE88CF1}.Release|x86.Build.0 = Release|Any CPU
		{B76B5B0E-8A97-46B6-89D9-015511AD10B9}.Debug|Any CPU.ActiveCfg = Debug|Any CPU
		{B76B5B0E-8A97-46B6-89D9-015511AD10B9}.Debug|Any CPU.Build.0 = Debug|Any CPU
		{B76B5B0E-8A97-46B6-89D9-015511AD10B9}.Debug|x64.ActiveCfg = Debug|Any CPU
		{B76B5B0E-8A97-46B6-89D9-015511AD10B9}.Debug|x64.Build.0 = Debug|Any CPU
		{B76B5B0E-8A97-46B6-89D9-015511AD10B9}.Debug|x86.ActiveCfg = Debug|Any CPU
		{B76B5B0E-8A97-46B6-89D9-015511AD10B9}.Debug|x86.Build.0 = Debug|Any CPU
		{B76B5B0E-8A97-46B6-89D9-015511AD10B9}.Release|Any CPU.ActiveCfg = Release|Any CPU
		{B76B5B0E-8A97-46B6-89D9-015511AD10B9}.Release|Any CPU.Build.0 = Release|Any CPU
		{B76B5B0E-8A97-46B6-89D9-015511AD10B9}.Release|x64.ActiveCfg = Release|Any CPU
		{B76B5B0E-8A97-46B6-89D9-015511AD10B9}.Release|x64.Build.0 = Release|Any CPU
		{B76B5B0E-8A97-46B6-89D9-015511AD10B9}.Release|x86.ActiveCfg = Release|Any CPU
		{B76B5B0E-8A97-46B6-89D9-015511AD10B9}.Release|x86.Build.0 = Release|Any CPU
		{5DFA5B2F-E429-4CAB-98BC-F00C5DD0DB73}.Debug|Any CPU.ActiveCfg = Debug|Any CPU
		{5DFA5B2F-E429-4CAB-98BC-F00C5DD0DB73}.Debug|Any CPU.Build.0 = Debug|Any CPU
		{5DFA5B2F-E429-4CAB-98BC-F00C5DD0DB73}.Debug|x64.ActiveCfg = Debug|Any CPU
		{5DFA5B2F-E429-4CAB-98BC-F00C5DD0DB73}.Debug|x64.Build.0 = Debug|Any CPU
		{5DFA5B2F-E429-4CAB-98BC-F00C5DD0DB73}.Debug|x86.ActiveCfg = Debug|Any CPU
		{5DFA5B2F-E429-4CAB-98BC-F00C5DD0DB73}.Debug|x86.Build.0 = Debug|Any CPU
		{5DFA5B2F-E429-4CAB-98BC-F00C5DD0DB73}.Release|Any CPU.ActiveCfg = Release|Any CPU
		{5DFA5B2F-E429-4CAB-98BC-F00C5DD0DB73}.Release|Any CPU.Build.0 = Release|Any CPU
		{5DFA5B2F-E429-4CAB-98BC-F00C5DD0DB73}.Release|x64.ActiveCfg = Release|Any CPU
		{5DFA5B2F-E429-4CAB-98BC-F00C5DD0DB73}.Release|x64.Build.0 = Release|Any CPU
		{5DFA5B2F-E429-4CAB-98BC-F00C5DD0DB73}.Release|x86.ActiveCfg = Release|Any CPU
		{5DFA5B2F-E429-4CAB-98BC-F00C5DD0DB73}.Release|x86.Build.0 = Release|Any CPU
		{E6584D56-6697-4FEB-AD6A-0FABF903386D}.Debug|Any CPU.ActiveCfg = Debug|Any CPU
		{E6584D56-6697-4FEB-AD6A-0FABF903386D}.Debug|Any CPU.Build.0 = Debug|Any CPU
		{E6584D56-6697-4FEB-AD6A-0FABF903386D}.Debug|x64.ActiveCfg = Debug|Any CPU
		{E6584D56-6697-4FEB-AD6A-0FABF903386D}.Debug|x64.Build.0 = Debug|Any CPU
		{E6584D56-6697-4FEB-AD6A-0FABF903386D}.Debug|x86.ActiveCfg = Debug|Any CPU
		{E6584D56-6697-4FEB-AD6A-0FABF903386D}.Debug|x86.Build.0 = Debug|Any CPU
		{E6584D56-6697-4FEB-AD6A-0FABF903386D}.Release|Any CPU.ActiveCfg = Release|Any CPU
		{E6584D56-6697-4FEB-AD6A-0FABF903386D}.Release|Any CPU.Build.0 = Release|Any CPU
		{E6584D56-6697-4FEB-AD6A-0FABF903386D}.Release|x64.ActiveCfg = Release|Any CPU
		{E6584D56-6697-4FEB-AD6A-0FABF903386D}.Release|x64.Build.0 = Release|Any CPU
		{E6584D56-6697-4FEB-AD6A-0FABF903386D}.Release|x86.ActiveCfg = Release|Any CPU
		{E6584D56-6697-4FEB-AD6A-0FABF903386D}.Release|x86.Build.0 = Release|Any CPU
		{F1907E9C-C72D-4505-B74C-C190AE76205D}.Debug|Any CPU.ActiveCfg = Debug|Any CPU
		{F1907E9C-C72D-4505-B74C-C190AE76205D}.Debug|Any CPU.Build.0 = Debug|Any CPU
		{F1907E9C-C72D-4505-B74C-C190AE76205D}.Debug|x64.ActiveCfg = Debug|Any CPU
		{F1907E9C-C72D-4505-B74C-C190AE76205D}.Debug|x64.Build.0 = Debug|Any CPU
		{F1907E9C-C72D-4505-B74C-C190AE76205D}.Debug|x86.ActiveCfg = Debug|Any CPU
		{F1907E9C-C72D-4505-B74C-C190AE76205D}.Debug|x86.Build.0 = Debug|Any CPU
		{F1907E9C-C72D-4505-B74C-C190AE76205D}.Release|Any CPU.ActiveCfg = Release|Any CPU
		{F1907E9C-C72D-4505-B74C-C190AE76205D}.Release|Any CPU.Build.0 = Release|Any CPU
		{F1907E9C-C72D-4505-B74C-C190AE76205D}.Release|x64.ActiveCfg = Release|Any CPU
		{F1907E9C-C72D-4505-B74C-C190AE76205D}.Release|x64.Build.0 = Release|Any CPU
		{F1907E9C-C72D-4505-B74C-C190AE76205D}.Release|x86.ActiveCfg = Release|Any CPU
		{F1907E9C-C72D-4505-B74C-C190AE76205D}.Release|x86.Build.0 = Release|Any CPU
		{AEAEC1B8-C20D-40A9-ABDC-ACB06A901BD9}.Debug|Any CPU.ActiveCfg = Debug|Any CPU
		{AEAEC1B8-C20D-40A9-ABDC-ACB06A901BD9}.Debug|Any CPU.Build.0 = Debug|Any CPU
		{AEAEC1B8-C20D-40A9-ABDC-ACB06A901BD9}.Debug|x64.ActiveCfg = Debug|Any CPU
		{AEAEC1B8-C20D-40A9-ABDC-ACB06A901BD9}.Debug|x64.Build.0 = Debug|Any CPU
		{AEAEC1B8-C20D-40A9-ABDC-ACB06A901BD9}.Debug|x86.ActiveCfg = Debug|Any CPU
		{AEAEC1B8-C20D-40A9-ABDC-ACB06A901BD9}.Debug|x86.Build.0 = Debug|Any CPU
		{AEAEC1B8-C20D-40A9-ABDC-ACB06A901BD9}.Release|Any CPU.ActiveCfg = Release|Any CPU
		{AEAEC1B8-C20D-40A9-ABDC-ACB06A901BD9}.Release|Any CPU.Build.0 = Release|Any CPU
		{AEAEC1B8-C20D-40A9-ABDC-ACB06A901BD9}.Release|x64.ActiveCfg = Release|Any CPU
		{AEAEC1B8-C20D-40A9-ABDC-ACB06A901BD9}.Release|x64.Build.0 = Release|Any CPU
		{AEAEC1B8-C20D-40A9-ABDC-ACB06A901BD9}.Release|x86.ActiveCfg = Release|Any CPU
		{AEAEC1B8-C20D-40A9-ABDC-ACB06A901BD9}.Release|x86.Build.0 = Release|Any CPU
		{989CB69D-D541-420A-B37B-5385CE4596A8}.Debug|Any CPU.ActiveCfg = Debug|Any CPU
		{989CB69D-D541-420A-B37B-5385CE4596A8}.Debug|Any CPU.Build.0 = Debug|Any CPU
		{989CB69D-D541-420A-B37B-5385CE4596A8}.Debug|x64.ActiveCfg = Debug|Any CPU
		{989CB69D-D541-420A-B37B-5385CE4596A8}.Debug|x64.Build.0 = Debug|Any CPU
		{989CB69D-D541-420A-B37B-5385CE4596A8}.Debug|x86.ActiveCfg = Debug|Any CPU
		{989CB69D-D541-420A-B37B-5385CE4596A8}.Debug|x86.Build.0 = Debug|Any CPU
		{989CB69D-D541-420A-B37B-5385CE4596A8}.Release|Any CPU.ActiveCfg = Release|Any CPU
		{989CB69D-D541-420A-B37B-5385CE4596A8}.Release|Any CPU.Build.0 = Release|Any CPU
		{989CB69D-D541-420A-B37B-5385CE4596A8}.Release|x64.ActiveCfg = Release|Any CPU
		{989CB69D-D541-420A-B37B-5385CE4596A8}.Release|x64.Build.0 = Release|Any CPU
		{989CB69D-D541-420A-B37B-5385CE4596A8}.Release|x86.ActiveCfg = Release|Any CPU
		{989CB69D-D541-420A-B37B-5385CE4596A8}.Release|x86.Build.0 = Release|Any CPU
		{6F6AE1C1-4C3A-44C7-883E-C3B50EBC1EAA}.Debug|Any CPU.ActiveCfg = Debug|Any CPU
		{6F6AE1C1-4C3A-44C7-883E-C3B50EBC1EAA}.Debug|Any CPU.Build.0 = Debug|Any CPU
		{6F6AE1C1-4C3A-44C7-883E-C3B50EBC1EAA}.Debug|x64.ActiveCfg = Debug|Any CPU
		{6F6AE1C1-4C3A-44C7-883E-C3B50EBC1EAA}.Debug|x64.Build.0 = Debug|Any CPU
		{6F6AE1C1-4C3A-44C7-883E-C3B50EBC1EAA}.Debug|x86.ActiveCfg = Debug|Any CPU
		{6F6AE1C1-4C3A-44C7-883E-C3B50EBC1EAA}.Debug|x86.Build.0 = Debug|Any CPU
		{6F6AE1C1-4C3A-44C7-883E-C3B50EBC1EAA}.Release|Any CPU.ActiveCfg = Release|Any CPU
		{6F6AE1C1-4C3A-44C7-883E-C3B50EBC1EAA}.Release|Any CPU.Build.0 = Release|Any CPU
		{6F6AE1C1-4C3A-44C7-883E-C3B50EBC1EAA}.Release|x64.ActiveCfg = Release|Any CPU
		{6F6AE1C1-4C3A-44C7-883E-C3B50EBC1EAA}.Release|x64.Build.0 = Release|Any CPU
		{6F6AE1C1-4C3A-44C7-883E-C3B50EBC1EAA}.Release|x86.ActiveCfg = Release|Any CPU
		{6F6AE1C1-4C3A-44C7-883E-C3B50EBC1EAA}.Release|x86.Build.0 = Release|Any CPU
		{E7C53411-8DE3-456F-8F1C-0162A3418AA0}.Debug|Any CPU.ActiveCfg = Debug|Any CPU
		{E7C53411-8DE3-456F-8F1C-0162A3418AA0}.Debug|Any CPU.Build.0 = Debug|Any CPU
		{E7C53411-8DE3-456F-8F1C-0162A3418AA0}.Debug|x64.ActiveCfg = Debug|Any CPU
		{E7C53411-8DE3-456F-8F1C-0162A3418AA0}.Debug|x64.Build.0 = Debug|Any CPU
		{E7C53411-8DE3-456F-8F1C-0162A3418AA0}.Debug|x86.ActiveCfg = Debug|Any CPU
		{E7C53411-8DE3-456F-8F1C-0162A3418AA0}.Debug|x86.Build.0 = Debug|Any CPU
		{E7C53411-8DE3-456F-8F1C-0162A3418AA0}.Release|Any CPU.ActiveCfg = Release|Any CPU
		{E7C53411-8DE3-456F-8F1C-0162A3418AA0}.Release|Any CPU.Build.0 = Release|Any CPU
		{E7C53411-8DE3-456F-8F1C-0162A3418AA0}.Release|x64.ActiveCfg = Release|Any CPU
		{E7C53411-8DE3-456F-8F1C-0162A3418AA0}.Release|x64.Build.0 = Release|Any CPU
		{E7C53411-8DE3-456F-8F1C-0162A3418AA0}.Release|x86.ActiveCfg = Release|Any CPU
		{E7C53411-8DE3-456F-8F1C-0162A3418AA0}.Release|x86.Build.0 = Release|Any CPU
		{E6A3E40C-E34E-4566-8FBF-D2BBC9A7CFB2}.Debug|Any CPU.ActiveCfg = Debug|Any CPU
		{E6A3E40C-E34E-4566-8FBF-D2BBC9A7CFB2}.Debug|Any CPU.Build.0 = Debug|Any CPU
		{E6A3E40C-E34E-4566-8FBF-D2BBC9A7CFB2}.Debug|x64.ActiveCfg = Debug|Any CPU
		{E6A3E40C-E34E-4566-8FBF-D2BBC9A7CFB2}.Debug|x64.Build.0 = Debug|Any CPU
		{E6A3E40C-E34E-4566-8FBF-D2BBC9A7CFB2}.Debug|x86.ActiveCfg = Debug|Any CPU
		{E6A3E40C-E34E-4566-8FBF-D2BBC9A7CFB2}.Debug|x86.Build.0 = Debug|Any CPU
		{E6A3E40C-E34E-4566-8FBF-D2BBC9A7CFB2}.Release|Any CPU.ActiveCfg = Release|Any CPU
		{E6A3E40C-E34E-4566-8FBF-D2BBC9A7CFB2}.Release|Any CPU.Build.0 = Release|Any CPU
		{E6A3E40C-E34E-4566-8FBF-D2BBC9A7CFB2}.Release|x64.ActiveCfg = Release|Any CPU
		{E6A3E40C-E34E-4566-8FBF-D2BBC9A7CFB2}.Release|x64.Build.0 = Release|Any CPU
		{E6A3E40C-E34E-4566-8FBF-D2BBC9A7CFB2}.Release|x86.ActiveCfg = Release|Any CPU
		{E6A3E40C-E34E-4566-8FBF-D2BBC9A7CFB2}.Release|x86.Build.0 = Release|Any CPU
		{C7FDB7AA-7184-4E4E-B6C7-710A6188FC6E}.Debug|Any CPU.ActiveCfg = Debug|Any CPU
		{C7FDB7AA-7184-4E4E-B6C7-710A6188FC6E}.Debug|Any CPU.Build.0 = Debug|Any CPU
		{C7FDB7AA-7184-4E4E-B6C7-710A6188FC6E}.Debug|x64.ActiveCfg = Debug|Any CPU
		{C7FDB7AA-7184-4E4E-B6C7-710A6188FC6E}.Debug|x64.Build.0 = Debug|Any CPU
		{C7FDB7AA-7184-4E4E-B6C7-710A6188FC6E}.Debug|x86.ActiveCfg = Debug|Any CPU
		{C7FDB7AA-7184-4E4E-B6C7-710A6188FC6E}.Debug|x86.Build.0 = Debug|Any CPU
		{C7FDB7AA-7184-4E4E-B6C7-710A6188FC6E}.Release|Any CPU.ActiveCfg = Release|Any CPU
		{C7FDB7AA-7184-4E4E-B6C7-710A6188FC6E}.Release|Any CPU.Build.0 = Release|Any CPU
		{C7FDB7AA-7184-4E4E-B6C7-710A6188FC6E}.Release|x64.ActiveCfg = Release|Any CPU
		{C7FDB7AA-7184-4E4E-B6C7-710A6188FC6E}.Release|x64.Build.0 = Release|Any CPU
		{C7FDB7AA-7184-4E4E-B6C7-710A6188FC6E}.Release|x86.ActiveCfg = Release|Any CPU
		{C7FDB7AA-7184-4E4E-B6C7-710A6188FC6E}.Release|x86.Build.0 = Release|Any CPU
		{C5282263-1C5C-4248-B014-BC26E8723532}.Debug|Any CPU.ActiveCfg = Debug|Any CPU
		{C5282263-1C5C-4248-B014-BC26E8723532}.Debug|Any CPU.Build.0 = Debug|Any CPU
		{C5282263-1C5C-4248-B014-BC26E8723532}.Debug|x64.ActiveCfg = Debug|Any CPU
		{C5282263-1C5C-4248-B014-BC26E8723532}.Debug|x64.Build.0 = Debug|Any CPU
		{C5282263-1C5C-4248-B014-BC26E8723532}.Debug|x86.ActiveCfg = Debug|Any CPU
		{C5282263-1C5C-4248-B014-BC26E8723532}.Debug|x86.Build.0 = Debug|Any CPU
		{C5282263-1C5C-4248-B014-BC26E8723532}.Release|Any CPU.ActiveCfg = Release|Any CPU
		{C5282263-1C5C-4248-B014-BC26E8723532}.Release|Any CPU.Build.0 = Release|Any CPU
		{C5282263-1C5C-4248-B014-BC26E8723532}.Release|x64.ActiveCfg = Release|Any CPU
		{C5282263-1C5C-4248-B014-BC26E8723532}.Release|x64.Build.0 = Release|Any CPU
		{C5282263-1C5C-4248-B014-BC26E8723532}.Release|x86.ActiveCfg = Release|Any CPU
		{C5282263-1C5C-4248-B014-BC26E8723532}.Release|x86.Build.0 = Release|Any CPU
	EndGlobalSection
	GlobalSection(SolutionProperties) = preSolution
		HideSolutionNode = FALSE
	EndGlobalSection
	GlobalSection(NestedProjects) = preSolution
		{A0B1C2D3-E4F5-6789-ABCD-EF0123456789} = {827E0CD3-B72D-47B6-A68D-7590B98EB39B}
		{A1B2C3D4-E5F6-7890-ABCD-EF1234567890} = {827E0CD3-B72D-47B6-A68D-7590B98EB39B}
		{0DB2FCCF-8897-D95D-492D-BED99E6ECD61} = {827E0CD3-B72D-47B6-A68D-7590B98EB39B}
		{F507CDC7-77CC-03A5-DD36-ED8EA4749AA9} = {0AB3BF05-4346-4AA6-1389-037BE0695223}
		{F985BDD9-E8B5-0033-7EC6-CC1CEDF73B53} = {0AB3BF05-4346-4AA6-1389-037BE0695223}
		{51FDD58C-5317-0F89-E7BC-8FA92FCCEE83} = {0AB3BF05-4346-4AA6-1389-037BE0695223}
		{DC1428C9-3343-4182-808D-936043FCA343} = {827E0CD3-B72D-47B6-A68D-7590B98EB39B}
		{738E1C1F-48BA-4A69-AC71-AEBD00B11E90} = {0AB3BF05-4346-4AA6-1389-037BE0695223}
		{3D7BC5F4-96BB-4FC9-9446-816FE93A65FD} = {07C2787E-EAC7-C090-1BA3-A61EC2A24D84}
		{1F4055D8-8406-4BF8-9AD1-382DFA281B2C} = {5D20AA90-6969-D8BD-9DCD-8634F4692FDA}
		{F258B59F-9F6A-49EC-ADDB-40A7FD63025A} = {5D20AA90-6969-D8BD-9DCD-8634F4692FDA}
		{7F6E09C5-BE7B-4966-8CED-BE45BC0136C7} = {5D20AA90-6969-D8BD-9DCD-8634F4692FDA}
		{18879556-B758-4B59-8C80-D91A643D0F20} = {5D20AA90-6969-D8BD-9DCD-8634F4692FDA}
		{3D3698AB-0C24-48DF-8527-FD2CDD16F193} = {5D20AA90-6969-D8BD-9DCD-8634F4692FDA}
		{01B28E07-50E7-4A60-B140-CDBC4B7821CE} = {5D20AA90-6969-D8BD-9DCD-8634F4692FDA}
		{6DB88FBB-0948-4407-A21E-4AAA28917388} = {5D20AA90-6969-D8BD-9DCD-8634F4692FDA}
		{F05A7268-8148-4443-BD0D-F572ADC1444F} = {5D20AA90-6969-D8BD-9DCD-8634F4692FDA}
		{BA330AF6-5B96-4361-9562-E653CCE88CF1} = {5D20AA90-6969-D8BD-9DCD-8634F4692FDA}
		{B76B5B0E-8A97-46B6-89D9-015511AD10B9} = {5D20AA90-6969-D8BD-9DCD-8634F4692FDA}
		{5DFA5B2F-E429-4CAB-98BC-F00C5DD0DB73} = {5D20AA90-6969-D8BD-9DCD-8634F4692FDA}
		{E6584D56-6697-4FEB-AD6A-0FABF903386D} = {5D20AA90-6969-D8BD-9DCD-8634F4692FDA}
		{F1907E9C-C72D-4505-B74C-C190AE76205D} = {5D20AA90-6969-D8BD-9DCD-8634F4692FDA}
		{AEAEC1B8-C20D-40A9-ABDC-ACB06A901BD9} = {5D20AA90-6969-D8BD-9DCD-8634F4692FDA}
		{989CB69D-D541-420A-B37B-5385CE4596A8} = {5D20AA90-6969-D8BD-9DCD-8634F4692FDA}
		{6F6AE1C1-4C3A-44C7-883E-C3B50EBC1EAA} = {5D20AA90-6969-D8BD-9DCD-8634F4692FDA}
		{E7C53411-8DE3-456F-8F1C-0162A3418AA0} = {5D20AA90-6969-D8BD-9DCD-8634F4692FDA}
		{E6A3E40C-E34E-4566-8FBF-D2BBC9A7CFB2} = {5D20AA90-6969-D8BD-9DCD-8634F4692FDA}
		{C7FDB7AA-7184-4E4E-B6C7-710A6188FC6E} = {5D20AA90-6969-D8BD-9DCD-8634F4692FDA}
		{C5282263-1C5C-4248-B014-BC26E8723532} = {0AB3BF05-4346-4AA6-1389-037BE0695223}
	EndGlobalSection
EndGlobal
